
Microsoft Visual Studio Solution File, Format Version 12.00
# Visual Studio Version 17
VisualStudioVersion = 17.0.31903.59
MinimumVisualStudioVersion = 10.0.40219.1
Project("{2150E333-8FDC-42A3-9474-1A3956D46DE8}") = "src", "src", "{827E0CD3-B72D-47B6-A68D-7590B98EB39B}"
EndProject
Project("{FAE04EC0-301F-11D3-BF4B-00C04F79EFBC}") = "WebAPI", "src\WebAPI\WebAPI.csproj", "{E92E4715-4F4B-44BD-8D33-445AD04C1402}"
EndProject
Project("{FAE04EC0-301F-11D3-BF4B-00C04F79EFBC}") = "Application", "src\Application\Application.csproj", "{0B4BC417-5100-41B1-87CE-1F77C487743B}"
EndProject
Project("{FAE04EC0-301F-11D3-BF4B-00C04F79EFBC}") = "Domain", "src\Domain\Domain.csproj", "{E5A533D8-2C63-4535-B1FD-0BB2A359E93E}"
EndProject
Project("{FAE04EC0-301F-11D3-BF4B-00C04F79EFBC}") = "Infrastructure", "src\Infrastructure\Infrastructure.csproj", "{873243DE-4197-43A5-8EDF-5CF02F03C471}"
EndProject
Project("{FAE04EC0-301F-11D3-BF4B-00C04F79EFBC}") = "Shared", "src\Shared\Shared.csproj", "{5BA93474-D1A6-4CC0-B436-0A44E5592C74}"
EndProject
Project("{2150E333-8FDC-42A3-9474-1A3956D46DE8}") = "Tests", "Tests", "{CEA09484-30F6-4D44-02F6-822E06DBC57C}"
EndProject
Project("{FAE04EC0-301F-11D3-BF4B-00C04F79EFBC}") = "UnitTests", "src\Tests\UnitTests\UnitTests.csproj", "{B5CEE4BD-D91B-4015-B15C-72D18CB45D27}"
EndProject
Project("{FAE04EC0-301F-11D3-BF4B-00C04F79EFBC}") = "IntegrationTests", "src\Tests\IntegrationTests\IntegrationTests.csproj", "{7A98BC1A-C305-49E7-AAE6-DD411CC2FA87}"
EndProject
Project("{FAE04EC0-301F-11D3-BF4B-00C04F79EFBC}") = "FunctionalTests", "src\Tests\FunctionalTests\FunctionalTests.csproj", "{0F30762A-88EC-4D8F-8EBB-E25BEA5F6054}"
EndProject
Global
	GlobalSection(SolutionConfigurationPlatforms) = preSolution
		Debug|Any CPU = Debug|Any CPU
		Debug|x64 = Debug|x64
		Debug|x86 = Debug|x86
		Release|Any CPU = Release|Any CPU
		Release|x64 = Release|x64
		Release|x86 = Release|x86
	EndGlobalSection
	GlobalSection(ProjectConfigurationPlatforms) = postSolution
		{E92E4715-4F4B-44BD-8D33-445AD04C1402}.Debug|Any CPU.ActiveCfg = Debug|Any CPU
		{E92E4715-4F4B-44BD-8D33-445AD04C1402}.Debug|Any CPU.Build.0 = Debug|Any CPU
		{E92E4715-4F4B-44BD-8D33-445AD04C1402}.Debug|x64.ActiveCfg = Debug|Any CPU
		{E92E4715-4F4B-44BD-8D33-445AD04C1402}.Debug|x64.Build.0 = Debug|Any CPU
		{E92E4715-4F4B-44BD-8D33-445AD04C1402}.Debug|x86.ActiveCfg = Debug|Any CPU
		{E92E4715-4F4B-44BD-8D33-445AD04C1402}.Debug|x86.Build.0 = Debug|Any CPU
		{E92E4715-4F4B-44BD-8D33-445AD04C1402}.Release|Any CPU.ActiveCfg = Release|Any CPU
		{E92E4715-4F4B-44BD-8D33-445AD04C1402}.Release|Any CPU.Build.0 = Release|Any CPU
		{E92E4715-4F4B-44BD-8D33-445AD04C1402}.Release|x64.ActiveCfg = Release|Any CPU
		{E92E4715-4F4B-44BD-8D33-445AD04C1402}.Release|x64.Build.0 = Release|Any CPU
		{E92E4715-4F4B-44BD-8D33-445AD04C1402}.Release|x86.ActiveCfg = Release|Any CPU
		{E92E4715-4F4B-44BD-8D33-445AD04C1402}.Release|x86.Build.0 = Release|Any CPU
		{0B4BC417-5100-41B1-87CE-1F77C487743B}.Debug|Any CPU.ActiveCfg = Debug|Any CPU
		{0B4BC417-5100-41B1-87CE-1F77C487743B}.Debug|Any CPU.Build.0 = Debug|Any CPU
		{0B4BC417-5100-41B1-87CE-1F77C487743B}.Debug|x64.ActiveCfg = Debug|Any CPU
		{0B4BC417-5100-41B1-87CE-1F77C487743B}.Debug|x64.Build.0 = Debug|Any CPU
		{0B4BC417-5100-41B1-87CE-1F77C487743B}.Debug|x86.ActiveCfg = Debug|Any CPU
		{0B4BC417-5100-41B1-87CE-1F77C487743B}.Debug|x86.Build.0 = Debug|Any CPU
		{0B4BC417-5100-41B1-87CE-1F77C487743B}.Release|Any CPU.ActiveCfg = Release|Any CPU
		{0B4BC417-5100-41B1-87CE-1F77C487743B}.Release|Any CPU.Build.0 = Release|Any CPU
		{0B4BC417-5100-41B1-87CE-1F77C487743B}.Release|x64.ActiveCfg = Release|Any CPU
		{0B4BC417-5100-41B1-87CE-1F77C487743B}.Release|x64.Build.0 = Release|Any CPU
		{0B4BC417-5100-41B1-87CE-1F77C487743B}.Release|x86.ActiveCfg = Release|Any CPU
		{0B4BC417-5100-41B1-87CE-1F77C487743B}.Release|x86.Build.0 = Release|Any CPU
		{E5A533D8-2C63-4535-B1FD-0BB2A359E93E}.Debug|Any CPU.ActiveCfg = Debug|Any CPU
		{E5A533D8-2C63-4535-B1FD-0BB2A359E93E}.Debug|Any CPU.Build.0 = Debug|Any CPU
		{E5A533D8-2C63-4535-B1FD-0BB2A359E93E}.Debug|x64.ActiveCfg = Debug|Any CPU
		{E5A533D8-2C63-4535-B1FD-0BB2A359E93E}.Debug|x64.Build.0 = Debug|Any CPU
		{E5A533D8-2C63-4535-B1FD-0BB2A359E93E}.Debug|x86.ActiveCfg = Debug|Any CPU
		{E5A533D8-2C63-4535-B1FD-0BB2A359E93E}.Debug|x86.Build.0 = Debug|Any CPU
		{E5A533D8-2C63-4535-B1FD-0BB2A359E93E}.Release|Any CPU.ActiveCfg = Release|Any CPU
		{E5A533D8-2C63-4535-B1FD-0BB2A359E93E}.Release|Any CPU.Build.0 = Release|Any CPU
		{E5A533D8-2C63-4535-B1FD-0BB2A359E93E}.Release|x64.ActiveCfg = Release|Any CPU
		{E5A533D8-2C63-4535-B1FD-0BB2A359E93E}.Release|x64.Build.0 = Release|Any CPU
		{E5A533D8-2C63-4535-B1FD-0BB2A359E93E}.Release|x86.ActiveCfg = Release|Any CPU
		{E5A533D8-2C63-4535-B1FD-0BB2A359E93E}.Release|x86.Build.0 = Release|Any CPU
		{873243DE-4197-43A5-8EDF-5CF02F03C471}.Debug|Any CPU.ActiveCfg = Debug|Any CPU
		{873243DE-4197-43A5-8EDF-5CF02F03C471}.Debug|Any CPU.Build.0 = Debug|Any CPU
		{873243DE-4197-43A5-8EDF-5CF02F03C471}.Debug|x64.ActiveCfg = Debug|Any CPU
		{873243DE-4197-43A5-8EDF-5CF02F03C471}.Debug|x64.Build.0 = Debug|Any CPU
		{873243DE-4197-43A5-8EDF-5CF02F03C471}.Debug|x86.ActiveCfg = Debug|Any CPU
		{873243DE-4197-43A5-8EDF-5CF02F03C471}.Debug|x86.Build.0 = Debug|Any CPU
		{873243DE-4197-43A5-8EDF-5CF02F03C471}.Release|Any CPU.ActiveCfg = Release|Any CPU
		{873243DE-4197-43A5-8EDF-5CF02F03C471}.Release|Any CPU.Build.0 = Release|Any CPU
		{873243DE-4197-43A5-8EDF-5CF02F03C471}.Release|x64.ActiveCfg = Release|Any CPU
		{873243DE-4197-43A5-8EDF-5CF02F03C471}.Release|x64.Build.0 = Release|Any CPU
		{873243DE-4197-43A5-8EDF-5CF02F03C471}.Release|x86.ActiveCfg = Release|Any CPU
		{873243DE-4197-43A5-8EDF-5CF02F03C471}.Release|x86.Build.0 = Release|Any CPU
		{5BA93474-D1A6-4CC0-B436-0A44E5592C74}.Debug|Any CPU.ActiveCfg = Debug|Any CPU
		{5BA93474-D1A6-4CC0-B436-0A44E5592C74}.Debug|Any CPU.Build.0 = Debug|Any CPU
		{5BA93474-D1A6-4CC0-B436-0A44E5592C74}.Debug|x64.ActiveCfg = Debug|Any CPU
		{5BA93474-D1A6-4CC0-B436-0A44E5592C74}.Debug|x64.Build.0 = Debug|Any CPU
		{5BA93474-D1A6-4CC0-B436-0A44E5592C74}.Debug|x86.ActiveCfg = Debug|Any CPU
		{5BA93474-D1A6-4CC0-B436-0A44E5592C74}.Debug|x86.Build.0 = Debug|Any CPU
		{5BA93474-D1A6-4CC0-B436-0A44E5592C74}.Release|Any CPU.ActiveCfg = Release|Any CPU
		{5BA93474-D1A6-4CC0-B436-0A44E5592C74}.Release|Any CPU.Build.0 = Release|Any CPU
		{5BA93474-D1A6-4CC0-B436-0A44E5592C74}.Release|x64.ActiveCfg = Release|Any CPU
		{5BA93474-D1A6-4CC0-B436-0A44E5592C74}.Release|x64.Build.0 = Release|Any CPU
		{5BA93474-D1A6-4CC0-B436-0A44E5592C74}.Release|x86.ActiveCfg = Release|Any CPU
		{5BA93474-D1A6-4CC0-B436-0A44E5592C74}.Release|x86.Build.0 = Release|Any CPU
		{B5CEE4BD-D91B-4015-B15C-72D18CB45D27}.Debug|Any CPU.ActiveCfg = Debug|Any CPU
		{B5CEE4BD-D91B-4015-B15C-72D18CB45D27}.Debug|Any CPU.Build.0 = Debug|Any CPU
		{B5CEE4BD-D91B-4015-B15C-72D18CB45D27}.Debug|x64.ActiveCfg = Debug|Any CPU
		{B5CEE4BD-D91B-4015-B15C-72D18CB45D27}.Debug|x64.Build.0 = Debug|Any CPU
		{B5CEE4BD-D91B-4015-B15C-72D18CB45D27}.Debug|x86.ActiveCfg = Debug|Any CPU
		{B5CEE4BD-D91B-4015-B15C-72D18CB45D27}.Debug|x86.Build.0 = Debug|Any CPU
		{B5CEE4BD-D91B-4015-B15C-72D18CB45D27}.Release|Any CPU.ActiveCfg = Release|Any CPU
		{B5CEE4BD-D91B-4015-B15C-72D18CB45D27}.Release|Any CPU.Build.0 = Release|Any CPU
		{B5CEE4BD-D91B-4015-B15C-72D18CB45D27}.Release|x64.ActiveCfg = Release|Any CPU
		{B5CEE4BD-D91B-4015-B15C-72D18CB45D27}.Release|x64.Build.0 = Release|Any CPU
		{B5CEE4BD-D91B-4015-B15C-72D18CB45D27}.Release|x86.ActiveCfg = Release|Any CPU
		{B5CEE4BD-D91B-4015-B15C-72D18CB45D27}.Release|x86.Build.0 = Release|Any CPU
		{7A98BC1A-C305-49E7-AAE6-DD411CC2FA87}.Debug|Any CPU.ActiveCfg = Debug|Any CPU
		{7A98BC1A-C305-49E7-AAE6-DD411CC2FA87}.Debug|Any CPU.Build.0 = Debug|Any CPU
		{7A98BC1A-C305-49E7-AAE6-DD411CC2FA87}.Debug|x64.ActiveCfg = Debug|Any CPU
		{7A98BC1A-C305-49E7-AAE6-DD411CC2FA87}.Debug|x64.Build.0 = Debug|Any CPU
		{7A98BC1A-C305-49E7-AAE6-DD411CC2FA87}.Debug|x86.ActiveCfg = Debug|Any CPU
		{7A98BC1A-C305-49E7-AAE6-DD411CC2FA87}.Debug|x86.Build.0 = Debug|Any CPU
		{7A98BC1A-C305-49E7-AAE6-DD411CC2FA87}.Release|Any CPU.ActiveCfg = Release|Any CPU
		{7A98BC1A-C305-49E7-AAE6-DD411CC2FA87}.Release|Any CPU.Build.0 = Release|Any CPU
		{7A98BC1A-C305-49E7-AAE6-DD411CC2FA87}.Release|x64.ActiveCfg = Release|Any CPU
		{7A98BC1A-C305-49E7-AAE6-DD411CC2FA87}.Release|x64.Build.0 = Release|Any CPU
		{7A98BC1A-C305-49E7-AAE6-DD411CC2FA87}.Release|x86.ActiveCfg = Release|Any CPU
		{7A98BC1A-C305-49E7-AAE6-DD411CC2FA87}.Release|x86.Build.0 = Release|Any CPU
		{0F30762A-88EC-4D8F-8EBB-E25BEA5F6054}.Debug|Any CPU.ActiveCfg = Debug|Any CPU
		{0F30762A-88EC-4D8F-8EBB-E25BEA5F6054}.Debug|Any CPU.Build.0 = Debug|Any CPU
		{0F30762A-88EC-4D8F-8EBB-E25BEA5F6054}.Debug|x64.ActiveCfg = Debug|Any CPU
		{0F30762A-88EC-4D8F-8EBB-E25BEA5F6054}.Debug|x64.Build.0 = Debug|Any CPU
		{0F30762A-88EC-4D8F-8EBB-E25BEA5F6054}.Debug|x86.ActiveCfg = Debug|Any CPU
		{0F30762A-88EC-4D8F-8EBB-E25BEA5F6054}.Debug|x86.Build.0 = Debug|Any CPU
		{0F30762A-88EC-4D8F-8EBB-E25BEA5F6054}.Release|Any CPU.ActiveCfg = Release|Any CPU
		{0F30762A-88EC-4D8F-8EBB-E25BEA5F6054}.Release|Any CPU.Build.0 = Release|Any CPU
		{0F30762A-88EC-4D8F-8EBB-E25BEA5F6054}.Release|x64.ActiveCfg = Release|Any CPU
		{0F30762A-88EC-4D8F-8EBB-E25BEA5F6054}.Release|x64.Build.0 = Release|Any CPU
		{0F30762A-88EC-4D8F-8EBB-E25BEA5F6054}.Release|x86.ActiveCfg = Release|Any CPU
		{0F30762A-88EC-4D8F-8EBB-E25BEA5F6054}.Release|x86.Build.0 = Release|Any CPU
	EndGlobalSection
	GlobalSection(SolutionProperties) = preSolution
		HideSolutionNode = FALSE
	EndGlobalSection
	GlobalSection(NestedProjects) = preSolution
		{E92E4715-4F4B-44BD-8D33-445AD04C1402} = {827E0CD3-B72D-47B6-A68D-7590B98EB39B}
		{0B4BC417-5100-41B1-87CE-1F77C487743B} = {827E0CD3-B72D-47B6-A68D-7590B98EB39B}
		{E5A533D8-2C63-4535-B1FD-0BB2A359E93E} = {827E0CD3-B72D-47B6-A68D-7590B98EB39B}
		{873243DE-4197-43A5-8EDF-5CF02F03C471} = {827E0CD3-B72D-47B6-A68D-7590B98EB39B}
		{5BA93474-D1A6-4CC0-B436-0A44E5592C74} = {827E0CD3-B72D-47B6-A68D-7590B98EB39B}
		{CEA09484-30F6-4D44-02F6-822E06DBC57C} = {827E0CD3-B72D-47B6-A68D-7590B98EB39B}
		{B5CEE4BD-D91B-4015-B15C-72D18CB45D27} = {CEA09484-30F6-4D44-02F6-822E06DBC57C}
		{7A98BC1A-C305-49E7-AAE6-DD411CC2FA87} = {CEA09484-30F6-4D44-02F6-822E06DBC57C}
		{0F30762A-88EC-4D8F-8EBB-E25BEA5F6054} = {CEA09484-30F6-4D44-02F6-822E06DBC57C}
	EndGlobalSection
EndGlobal
